<?xml version="1.0" encoding="utf-8"?>
<Project ToolsVersion="4.0" xmlns="http://schemas.microsoft.com/developer/msbuild/2003">
  <ItemGroup>
    <Filter Include="Global">
      <UniqueIdentifier>{18bdd421-2f6b-4989-83bc-873661e09166}</UniqueIdentifier>
    </Filter>
    <Filter Include="Job">
      <UniqueIdentifier>{b16bf6c2-b4a6-456d-aab9-af0b1af0d057}</UniqueIdentifier>
    </Filter>
    <Filter Include="Network">
      <UniqueIdentifier>{0bd8001b-2680-44da-bff2-293f03059f24}</UniqueIdentifier>
    </Filter>
    <Filter Include="Session">
      <UniqueIdentifier>{5fedfa94-ba95-4e05-b528-48526f91faca}</UniqueIdentifier>
    </Filter>
    <Filter Include="Utils">
      <UniqueIdentifier>{ae4c5896-cfa3-4ff1-a9fa-81f29469b104}</UniqueIdentifier>
    </Filter>
  </ItemGroup>
  <ItemGroup>
    <ClCompile Include="CoreGlobal\CoreGlobal.cpp">
      <Filter>Global</Filter>
    </ClCompile>
    <ClCompile Include="CoreGlobal\CoreTLS.cpp">
      <Filter>Global</Filter>
    </ClCompile>
    <ClCompile Include="CoreGlobal\GlobalQueue.cpp">
      <Filter>Global</Filter>
    </ClCompile>
    <ClCompile Include="Job\Job.cpp">
      <Filter>Job</Filter>
    </ClCompile>
    <ClCompile Include="Job\JobQueue.cpp">
      <Filter>Job</Filter>
    </ClCompile>
    <ClCompile Include="Job\JobTimer.cpp">
      <Filter>Job</Filter>
    </ClCompile>
    <ClCompile Include="Job\LockQueue.cpp">
      <Filter>Job</Filter>
    </ClCompile>
    <ClCompile Include="Job\ThreadManager.cpp">
      <Filter>Job</Filter>
    </ClCompile>
    <ClCompile Include="Network\IocpCore.cpp">
      <Filter>Network</Filter>
    </ClCompile>
    <ClCompile Include="Network\IocpEvent.cpp">
      <Filter>Network</Filter>
    </ClCompile>
    <ClCompile Include="Network\Listener.cpp">
      <Filter>Network</Filter>
    </ClCompile>
    <ClCompile Include="Network\NetAddress.cpp">
      <Filter>Network</Filter>
    </ClCompile>
    <ClCompile Include="Network\PacketHandler.cpp">
      <Filter>Network</Filter>
    </ClCompile>
    <ClCompile Include="Network\Service.cpp">
      <Filter>Network</Filter>
    </ClCompile>
    <ClCompile Include="Session\DedicateSession.cpp">
      <Filter>Session</Filter>
    </ClCompile>
    <ClCompile Include="Session\GameSession.cpp">
      <Filter>Session</Filter>
    </ClCompile>
    <ClCompile Include="Session\GameSessionManager.cpp">
      <Filter>Session</Filter>
    </ClCompile>
    <ClCompile Include="Session\Session.cpp">
      <Filter>Session</Filter>
    </ClCompile>
    <ClCompile Include="Utils\RecvBuffer.cpp">
      <Filter>Utils</Filter>
    </ClCompile>
    <ClCompile Include="Utils\SendBuffer.cpp">
      <Filter>Utils</Filter>
    </ClCompile>
    <ClCompile Include="Utils\SocketUtils.cpp">
      <Filter>Utils</Filter>
    </ClCompile>
    <ClCompile Include="Utils\pch.cpp">
      <Filter>Utils</Filter>
    </ClCompile>
    <ClCompile Include="Source.cpp" />
  </ItemGroup>
  <ItemGroup>
    <ClInclude Include="CoreGlobal\CoreGlobal.h">
      <Filter>Global</Filter>
    </ClInclude>
    <ClInclude Include="CoreGlobal\CoreTLS.h">
      <Filter>Global</Filter>
    </ClInclude>
    <ClInclude Include="CoreGlobal\GlobalQueue.h">
      <Filter>Global</Filter>
    </ClInclude>
    <ClInclude Include="Job\Job.h">
      <Filter>Job</Filter>
    </ClInclude>
    <ClInclude Include="Job\JobQueue.h">
      <Filter>Job</Filter>
    </ClInclude>
    <ClInclude Include="Job\JobTimer.h">
      <Filter>Job</Filter>
    </ClInclude>
    <ClInclude Include="Job\LockQueue.h">
      <Filter>Job</Filter>
    </ClInclude>
    <ClInclude Include="Job\ThreadManager.h">
      <Filter>Job</Filter>
    </ClInclude>
    <ClInclude Include="Network\IocpCore.h">
      <Filter>Network</Filter>
    </ClInclude>
    <ClInclude Include="Network\IocpEvent.h">
      <Filter>Network</Filter>
    </ClInclude>
    <ClInclude Include="Network\Listener.h">
      <Filter>Network</Filter>
    </ClInclude>
    <ClInclude Include="Network\NetAddress.h">
      <Filter>Network</Filter>
    </ClInclude>
    <ClInclude Include="Network\PacketHandler.h">
      <Filter>Network</Filter>
    </ClInclude>
    <ClInclude Include="Network\Service.h">
      <Filter>Network</Filter>
    </ClInclude>
    <ClInclude Include="Session\DedicateSession.h">
      <Filter>Session</Filter>
    </ClInclude>
    <ClInclude Include="Session\GameSession.h">
      <Filter>Session</Filter>
    </ClInclude>
    <ClInclude Include="Session\GameSessionManager.h">
      <Filter>Session</Filter>
    </ClInclude>
    <ClInclude Include="Session\Session.h">
      <Filter>Session</Filter>
    </ClInclude>
    <ClInclude Include="Utils\RecvBuffer.h">
      <Filter>Utils</Filter>
    </ClInclude>
    <ClInclude Include="Utils\SendBuffer.h">
      <Filter>Utils</Filter>
    </ClInclude>
    <ClInclude Include="Utils\SocketUtils.h">
      <Filter>Utils</Filter>
    </ClInclude>
    <ClInclude Include="Utils\Types.h">
      <Filter>Utils</Filter>
    </ClInclude>
    <ClInclude Include="Utils\pch.h">
      <Filter>Utils</Filter>
    </ClInclude>
  </ItemGroup>
</Project>