<?xml version="1.0" encoding="utf-8"?>
<Project ToolsVersion="4.0" xmlns="http://schemas.microsoft.com/developer/msbuild/2003">
  <ItemGroup>
    <Filter Include="01.Main">
      <UniqueIdentifier>{5ab9074a-1ac7-4735-92f3-6a4603f18453}</UniqueIdentifier>
    </Filter>
  </ItemGroup>
  <ItemGroup>
    <ClCompile Include="Main.cpp">
      <Filter>01.Main</Filter>
    </ClCompile>
    <ClCompile Include="pch.cpp">
      <Filter>01.Main</Filter>
    </ClCompile>
    <ClCompile Include="Network.cpp" />
  </ItemGroup>
  <ItemGroup>
    <ClInclude Include="pch.h">
      <Filter>01.Main</Filter>
    </ClInclude>
    <ClInclude Include="Network.h" />
    <ClInclude Include="OverlappedEx.h" />
    <ClInclude Include="Types.h" />
  </ItemGroup>
</Project>